<Solution>
  <Folder Name="/Solution Items/">
    <File Path=".gitattributes" />
    <File Path=".gitignore" />
    <File Path="COPILOT_INSTRUCTIONS.md" />
    <File Path="LICENSE.txt" />
    <File Path="MCP_SERVER.md" />
    <File Path="README.md" />
  </Folder>
  <Project Path="IntervalsIcuMcp.Tests/IntervalsIcuMcp.Tests.csproj" Id="fa2ed44c-e0e1-4c53-9325-09f5ea3726a6" />
  <Project Path="IntervalsIcuMcp/IntervalsIcuMcp.csproj" />
</Solution>
